
Microsoft Visual Studio Solution File, Format Version 12.00
# Visual Studio Version 17
VisualStudioVersion = 17.11.35327.3
MinimumVisualStudioVersion = 10.0.40219.1
Project("{FAE04EC0-301F-11D3-BF4B-00C04F79EFBC}") = "GemsAsc", "GemsAsc\GemsAsc.csproj", "{91479DA9-CB99-416F-A11A-4644FEB5372F}"
EndProject
Global
	GlobalSection(SolutionConfigurationPlatforms) = preSolution
		Debug|Any CPU = Debug|Any CPU
		Release|Any CPU = Release|Any CPU
	EndGlobalSection
	GlobalSection(ProjectConfigurationPlatforms) = postSolution
		{91479DA9-CB99-416F-A11A-4644FEB5372F}.Debug|Any CPU.ActiveCfg = Debug|Any CPU
		{91479DA9-CB99-416F-A11A-4644FEB5372F}.Debug|Any CPU.Build.0 = Debug|Any CPU
		{91479DA9-CB99-416F-A11A-4644FEB5372F}.Release|Any CPU.ActiveCfg = Release|Any CPU
		{91479DA9-CB99-416F-A11A-4644FEB5372F}.Release|Any CPU.Build.0 = Release|Any CPU
	EndGlobalSection
	GlobalSection(SolutionProperties) = preSolution
		HideSolutionNode = FALSE
	EndGlobalSection
	GlobalSection(ExtensibilityGlobals) = postSolution
		SolutionGuid = {10C21E61-1CF1-4768-9210-76832C2A9555}
	EndGlobalSection
EndGlobal
